
Microsoft Visual Studio Solution File, Format Version 12.00
# Visual Studio Version 17
VisualStudioVersion = 17.1.32328.378
MinimumVisualStudioVersion = 10.0.40219.1
Project("{FAE04EC0-301F-11D3-BF4B-00C04F79EFBC}") = "iosClientsAPI", "iosClientsAPI\iosClientsAPI.csproj", "{38AFA495-98B3-4402-BC7F-0F5AE3824D8F}"
EndProject
Global
	GlobalSection(SolutionConfigurationPlatforms) = preSolution
		Debug|Any CPU = Debug|Any CPU
		Release|Any CPU = Release|Any CPU
	EndGlobalSection
	GlobalSection(ProjectConfigurationPlatforms) = postSolution
		{38AFA495-98B3-4402-BC7F-0F5AE3824D8F}.Debug|Any CPU.ActiveCfg = Debug|Any CPU
		{38AFA495-98B3-4402-BC7F-0F5AE3824D8F}.Debug|Any CPU.Build.0 = Debug|Any CPU
		{38AFA495-98B3-4402-BC7F-0F5AE3824D8F}.Release|Any CPU.ActiveCfg = Release|Any CPU
		{38AFA495-98B3-4402-BC7F-0F5AE3824D8F}.Release|Any CPU.Build.0 = Release|Any CPU
	EndGlobalSection
	GlobalSection(SolutionProperties) = preSolution
		HideSolutionNode = FALSE
	EndGlobalSection
	GlobalSection(ExtensibilityGlobals) = postSolution
		SolutionGuid = {D5B5831B-3DCC-4CBC-827C-94271C30592D}
	EndGlobalSection
EndGlobal
